
Microsoft Visual Studio Solution File, Format Version 12.00
# Visual Studio Version 16
VisualStudioVersion = 16.0.30804.86
MinimumVisualStudioVersion = 10.0.40219.1
Project("{FAE04EC0-301F-11D3-BF4B-00C04F79EFBC}") = "Geometry", "Geometry\Geometry.csproj", "{4363387C-9649-4989-A9A2-93BE709FF5D7}"
EndProject
Project("{FAE04EC0-301F-11D3-BF4B-00C04F79EFBC}") = "GeometryTests", "GeometryTests\GeometryTests.csproj", "{5C5B0FE7-83D5-430B-BEEA-8C0D6C4B2A34}"
EndProject
Global
	GlobalSection(SolutionConfigurationPlatforms) = preSolution
		Debug|Any CPU = Debug|Any CPU
		Release|Any CPU = Release|Any CPU
	EndGlobalSection
	GlobalSection(ProjectConfigurationPlatforms) = postSolution
		{4363387C-9649-4989-A9A2-93BE709FF5D7}.Debug|Any CPU.ActiveCfg = Debug|Any CPU
		{4363387C-9649-4989-A9A2-93BE709FF5D7}.Debug|Any CPU.Build.0 = Debug|Any CPU
		{4363387C-9649-4989-A9A2-93BE709FF5D7}.Release|Any CPU.ActiveCfg = Release|Any CPU
		{4363387C-9649-4989-A9A2-93BE709FF5D7}.Release|Any CPU.Build.0 = Release|Any CPU
		{5C5B0FE7-83D5-430B-BEEA-8C0D6C4B2A34}.Debug|Any CPU.ActiveCfg = Debug|Any CPU
		{5C5B0FE7-83D5-430B-BEEA-8C0D6C4B2A34}.Debug|Any CPU.Build.0 = Debug|Any CPU
		{5C5B0FE7-83D5-430B-BEEA-8C0D6C4B2A34}.Release|Any CPU.ActiveCfg = Release|Any CPU
		{5C5B0FE7-83D5-430B-BEEA-8C0D6C4B2A34}.Release|Any CPU.Build.0 = Release|Any CPU
	EndGlobalSection
	GlobalSection(SolutionProperties) = preSolution
		HideSolutionNode = FALSE
	EndGlobalSection
	GlobalSection(ExtensibilityGlobals) = postSolution
		SolutionGuid = {85D4744D-9F22-4EF0-8982-6B9E9EDAD705}
	EndGlobalSection
EndGlobal
